schema: '2.0'
stages:
  preprocessing:
    cmd: python scripts/preprocessing.py
    deps:
    - path: data/raw/ensemble_gwp.nc
      md5: a095ddb5b74c7445f90d8fce149dfed3
      size: 42871640
    - path: data/raw/ensemble_n2o.nc
      md5: 137573ce968b78f4daac282b3fcff4ba
      size: 81618371
    - path: data/raw/nc_rg_mask.nc
      md5: 455f032ee9da390c6a6b9a1af638df6d
      size: 1792808
    - path: data/raw/nc_rg_soil.nc
      md5: b8320ab6281120a26ae7e0a36710d601
      size: 3867836
    - path: data/raw/rg_arable_airchem_rcp45_1950-2100.txt.gz
      md5: 917cadc2b74155f0088e1529516f8ffa
      size: 3707360
    - path: data/raw/rg_arable_airchem_rcp85_1950-2100.txt.gz
      md5: 9110283b67b7866567760c4e95541f58
      size: 3731100
    - path: data/raw/rg_arable_precipitation.nc
      md5: d289ce214a06ca0def4adccb4cb2fa74
      size: 132060221
    - path: data/raw/rg_arable_temp-yearly.nc
      md5: 52b2451ccae8c8c53c10876d80fef987
      size: 133129869
    outs:
    - path: data/processed/x_test.csv
      md5: 924386faef7bdd14272f1863dd2405a5
      size: 152436378
    - path: data/processed/x_train.csv
      md5: 22d3b5cde4f2af399f96b2cc777f2112
      size: 609728440
    - path: data/processed/y_test.csv
      md5: 3fa8f27760978afce3a09e83d1d9e267
      size: 55210790
    - path: data/processed/y_train.csv
      md5: 65a83e6b58f7a441def6880807d1f141
      size: 220880588
    - path: data/processed/y_train_gwp.csv
      md5: 7af63d81ea6ce90c6532ef2b1bb97a28
      size: 126269747
    - path: data/processed/y_train_n2o.csv
      md5: e7b2d70d58859506a25182cd1acbbf29
      size: 139085230
  training:
    cmd: python scripts/train.py
    deps:
    - path: data/processed/x_test.csv
      md5: 924386faef7bdd14272f1863dd2405a5
      size: 152436378
    - path: data/processed/x_train.csv
      md5: 22d3b5cde4f2af399f96b2cc777f2112
      size: 609728440
    - path: data/processed/y_test.csv
      md5: 3fa8f27760978afce3a09e83d1d9e267
      size: 55210790
    - path: data/processed/y_train.csv
      md5: 65a83e6b58f7a441def6880807d1f141
      size: 220880588
    - path: data/processed/y_train_gwp.csv
      md5: 7af63d81ea6ce90c6532ef2b1bb97a28
      size: 126269747
    - path: data/processed/y_train_n2o.csv
      md5: e7b2d70d58859506a25182cd1acbbf29
      size: 139085230
    outs:
    - path: metrics.json
      md5: 490b101096807cf58c8555eb2d3a4233
      size: 99
    - path: models/rf_n2o
      md5: aac5c92777758dc402b237a7d78e7327
      size: 1040667005
